
Microsoft Visual Studio Solution File, Format Version 12.00
# Visual Studio Version 16
VisualStudioVersion = 16.0.28803.352
MinimumVisualStudioVersion = 10.0.40219.1
Project("{FAE04EC0-301F-11D3-BF4B-00C04F79EFBC}") = "MainMenu", "MainMenu\MainMenu.csproj", "{252273EE-0DB3-4C0B-B2D6-1B0AF14B0AF9}"
EndProject
Project("{FAE04EC0-301F-11D3-BF4B-00C04F79EFBC}") = "Database", "Database\Database.csproj", "{C6A0F685-F29F-4133-AE9E-CA640F39A5EB}"
EndProject
Global
	GlobalSection(SolutionConfigurationPlatforms) = preSolution
		Debug|Any CPU = Debug|Any CPU
		Release|Any CPU = Release|Any CPU
	EndGlobalSection
	GlobalSection(ProjectConfigurationPlatforms) = postSolution
		{252273EE-0DB3-4C0B-B2D6-1B0AF14B0AF9}.Debug|Any CPU.ActiveCfg = Debug|Any CPU
		{252273EE-0DB3-4C0B-B2D6-1B0AF14B0AF9}.Debug|Any CPU.Build.0 = Debug|Any CPU
		{252273EE-0DB3-4C0B-B2D6-1B0AF14B0AF9}.Release|Any CPU.ActiveCfg = Release|Any CPU
		{252273EE-0DB3-4C0B-B2D6-1B0AF14B0AF9}.Release|Any CPU.Build.0 = Release|Any CPU
		{C6A0F685-F29F-4133-AE9E-CA640F39A5EB}.Debug|Any CPU.ActiveCfg = Debug|Any CPU
		{C6A0F685-F29F-4133-AE9E-CA640F39A5EB}.Debug|Any CPU.Build.0 = Debug|Any CPU
		{C6A0F685-F29F-4133-AE9E-CA640F39A5EB}.Release|Any CPU.ActiveCfg = Release|Any CPU
		{C6A0F685-F29F-4133-AE9E-CA640F39A5EB}.Release|Any CPU.Build.0 = Release|Any CPU
	EndGlobalSection
	GlobalSection(SolutionProperties) = preSolution
		HideSolutionNode = FALSE
	EndGlobalSection
	GlobalSection(ExtensibilityGlobals) = postSolution
		SolutionGuid = {219F888C-BFE4-4390-9814-99C857387D5A}
	EndGlobalSection
EndGlobal
